
Microsoft Visual Studio Solution File, Format Version 12.00
# Visual Studio Version 16
VisualStudioVersion = 16.0.29613.14
MinimumVisualStudioVersion = 10.0.40219.1
Project("{FAE04EC0-301F-11D3-BF4B-00C04F79EFBC}") = "SupportTroubleshootingTool.UI", "Ui\SupportTroubleshootingTool.UI.csproj", "{8F3E211A-8292-4E8E-AD8B-388E6345DB72}"
EndProject
Project("{FAE04EC0-301F-11D3-BF4B-00C04F79EFBC}") = "SupportTroubleshootingTool.Core", "Core\SupportTroubleshootingTool.Core.csproj", "{C4983A07-CD5C-47FF-9DE3-B3051A2554BD}"
EndProject
Project("{54435603-DBB4-11D2-8724-00A0C9A8B90C}") = "SupportTroubleShootingTool Installer", "SupportTroubleShootingTool Installer\SupportTroubleShootingTool Installer.vdproj", "{8777B921-923E-458B-A180-41779B6598BE}"
EndProject
Global
	GlobalSection(SolutionConfigurationPlatforms) = preSolution
		Debug|Any CPU = Debug|Any CPU
		Release|Any CPU = Release|Any CPU
	EndGlobalSection
	GlobalSection(ProjectConfigurationPlatforms) = postSolution
		{8F3E211A-8292-4E8E-AD8B-388E6345DB72}.Debug|Any CPU.ActiveCfg = Debug|Any CPU
		{8F3E211A-8292-4E8E-AD8B-388E6345DB72}.Debug|Any CPU.Build.0 = Debug|Any CPU
		{8F3E211A-8292-4E8E-AD8B-388E6345DB72}.Release|Any CPU.ActiveCfg = Release|Any CPU
		{8F3E211A-8292-4E8E-AD8B-388E6345DB72}.Release|Any CPU.Build.0 = Release|Any CPU
		{C4983A07-CD5C-47FF-9DE3-B3051A2554BD}.Debug|Any CPU.ActiveCfg = Debug|Any CPU
		{C4983A07-CD5C-47FF-9DE3-B3051A2554BD}.Debug|Any CPU.Build.0 = Debug|Any CPU
		{C4983A07-CD5C-47FF-9DE3-B3051A2554BD}.Release|Any CPU.ActiveCfg = Release|Any CPU
		{C4983A07-CD5C-47FF-9DE3-B3051A2554BD}.Release|Any CPU.Build.0 = Release|Any CPU
		{8777B921-923E-458B-A180-41779B6598BE}.Debug|Any CPU.ActiveCfg = Debug
		{8777B921-923E-458B-A180-41779B6598BE}.Release|Any CPU.ActiveCfg = Release
	EndGlobalSection
	GlobalSection(SolutionProperties) = preSolution
		HideSolutionNode = FALSE
	EndGlobalSection
	GlobalSection(ExtensibilityGlobals) = postSolution
		SolutionGuid = {4CFB8EAA-5A30-4478-9455-58073A93A47C}
	EndGlobalSection
EndGlobal
