
Microsoft Visual Studio Solution File, Format Version 12.00
# Visual Studio Version 16
VisualStudioVersion = 16.0.29613.14
MinimumVisualStudioVersion = 10.0.40219.1
Project("{9A19103F-16F7-4668-BE54-9A1E7A4F7556}") = "SupportTroubleshootingTool.Core", "core\SupportTroubleshootingTool.Core.csproj", "{916B959C-25EB-4BBD-B997-1F3463405CBB}"
EndProject
Project("{FAE04EC0-301F-11D3-BF4B-00C04F79EFBC}") = "SupportTroubleshootingTool.UI", "WindowsFormsApp1\SupportTroubleshootingTool.UI.csproj", "{8F3E211A-8292-4E8E-AD8B-388E6345DB72}"
EndProject
Global
	GlobalSection(SolutionConfigurationPlatforms) = preSolution
		Debug|Any CPU = Debug|Any CPU
		Release|Any CPU = Release|Any CPU
	EndGlobalSection
	GlobalSection(ProjectConfigurationPlatforms) = postSolution
		{916B959C-25EB-4BBD-B997-1F3463405CBB}.Debug|Any CPU.ActiveCfg = Debug|Any CPU
		{916B959C-25EB-4BBD-B997-1F3463405CBB}.Debug|Any CPU.Build.0 = Debug|Any CPU
		{916B959C-25EB-4BBD-B997-1F3463405CBB}.Release|Any CPU.ActiveCfg = Release|Any CPU
		{916B959C-25EB-4BBD-B997-1F3463405CBB}.Release|Any CPU.Build.0 = Release|Any CPU
		{8F3E211A-8292-4E8E-AD8B-388E6345DB72}.Debug|Any CPU.ActiveCfg = Debug|Any CPU
		{8F3E211A-8292-4E8E-AD8B-388E6345DB72}.Debug|Any CPU.Build.0 = Debug|Any CPU
		{8F3E211A-8292-4E8E-AD8B-388E6345DB72}.Release|Any CPU.ActiveCfg = Release|Any CPU
		{8F3E211A-8292-4E8E-AD8B-388E6345DB72}.Release|Any CPU.Build.0 = Release|Any CPU
	EndGlobalSection
	GlobalSection(SolutionProperties) = preSolution
		HideSolutionNode = FALSE
	EndGlobalSection
	GlobalSection(ExtensibilityGlobals) = postSolution
		SolutionGuid = {4CFB8EAA-5A30-4478-9455-58073A93A47C}
	EndGlobalSection
EndGlobal
